
Microsoft Visual Studio Solution File, Format Version 12.00
# Visual Studio Version 16
VisualStudioVersion = 16.0.29806.167
MinimumVisualStudioVersion = 10.0.40219.1
Project("{FAE04EC0-301F-11D3-BF4B-00C04F79EFBC}") = "CalendarNew", "CalendarNew\CalendarNew.csproj", "{3DF19F47-4BC4-4A61-918E-535D18849751}"
EndProject
Project("{FAE04EC0-301F-11D3-BF4B-00C04F79EFBC}") = "UnitTestProject1", "UnitTestProject1\UnitTestProject1.csproj", "{CAF5D9C4-C75F-4DD1-BE35-C74453BEACEC}"
EndProject
Global
	GlobalSection(SolutionConfigurationPlatforms) = preSolution
		Debug|Any CPU = Debug|Any CPU
		Release|Any CPU = Release|Any CPU
	EndGlobalSection
	GlobalSection(ProjectConfigurationPlatforms) = postSolution
		{3DF19F47-4BC4-4A61-918E-535D18849751}.Debug|Any CPU.ActiveCfg = Debug|Any CPU
		{3DF19F47-4BC4-4A61-918E-535D18849751}.Debug|Any CPU.Build.0 = Debug|Any CPU
		{3DF19F47-4BC4-4A61-918E-535D18849751}.Release|Any CPU.ActiveCfg = Release|Any CPU
		{3DF19F47-4BC4-4A61-918E-535D18849751}.Release|Any CPU.Build.0 = Release|Any CPU
		{CAF5D9C4-C75F-4DD1-BE35-C74453BEACEC}.Debug|Any CPU.ActiveCfg = Debug|Any CPU
		{CAF5D9C4-C75F-4DD1-BE35-C74453BEACEC}.Debug|Any CPU.Build.0 = Debug|Any CPU
		{CAF5D9C4-C75F-4DD1-BE35-C74453BEACEC}.Release|Any CPU.ActiveCfg = Release|Any CPU
		{CAF5D9C4-C75F-4DD1-BE35-C74453BEACEC}.Release|Any CPU.Build.0 = Release|Any CPU
	EndGlobalSection
	GlobalSection(SolutionProperties) = preSolution
		HideSolutionNode = FALSE
	EndGlobalSection
	GlobalSection(ExtensibilityGlobals) = postSolution
		SolutionGuid = {8ED240E3-2CA0-4CD5-BA0D-358448228413}
	EndGlobalSection
EndGlobal
